version = 1
revision = 2
requires-python = ">=3.12"

[[package]]
name = "copy-bot"
version = "0.1.0"
source = { virtual = "." }
dependencies = [
    { name = "pyrotgfork" },
    { name = "python-dotenv" },
]

[package.metadata]
requires-dist = [
    { name = "pyrotgfork", specifier = ">=2.2.24" },
    { name = "python-dotenv", specifier = ">=1.2.2" },
]

[[package]]
name = "pyaes"
version = "1.6.1"
source = { registry = "https://pypi.org/simple" }
sdist = { url = "https://files.pythonhosted.org/packages/44/66/2c17bae31c906613795711fc78045c285048168919ace2220daa372c7d72/pyaes-1.6.1.tar.gz", hash = "sha256:02c1b1405c38d3c370b085fb952dd8bea3fadcee6411ad99f312cc129c536d8f", size = 28536, upload-time = "2017-09-20T21:17:54.23Z" }

[[package]]
name = "pyrotgfork"
version = "2.2.24"
source = { registry = "https://pypi.org/simple" }
dependencies = [
    { name = "pyaes" },
    { name = "pysocks" },
]
sdist = { url = "https://files.pythonhosted.org/packages/e4/6c/b1c12b2f5ad1b826d6f905b6dad20419b8a51209d4e2ba48d1bb77d6db24/pyrotgfork-2.2.24.tar.gz", hash = "sha256:890516ec8a05594c96cac1fd74d3f8ca55c4dc383937f9e5527968412f8f6fde", size = 544383, upload-time = "2026-05-16T13:10:01.506Z" }
wheels = [
    { url = "https://files.pythonhosted.org/packages/25/0b/32a30566fd4c0188d15dda209cc7d0002e6f891e1ace0528f0c4cfbf9d7c/pyrotgfork-2.2.24-py3-none-any.whl", hash = "sha256:87a979003c38fdc88251d599ad75d28603b6fc16fb7ba726e6dc9f780c278507", size = 5768261, upload-time = "2026-05-16T13:09:58.886Z" },
]

[[package]]
name = "pysocks"
version = "1.7.1"
source = { registry = "https://pypi.org/simple" }
sdist = { url = "https://files.pythonhosted.org/packages/bd/11/293dd436aea955d45fc4e8a35b6ae7270f5b8e00b53cf6c024c83b657a11/PySocks-1.7.1.tar.gz", hash = "sha256:3f8804571ebe159c380ac6de37643bb4685970655d3bba243530d6558b799aa0", size = 284429, upload-time = "2019-09-20T02:07:35.714Z" }
wheels = [
    { url = "https://files.pythonhosted.org/packages/8d/59/b4572118e098ac8e46e399a1dd0f2d85403ce8bbaad9ec79373ed6badaf9/PySocks-1.7.1-py3-none-any.whl", hash = "sha256:2725bd0a9925919b9b51739eea5f9e2bae91e83288108a9ad338b2e3a4435ee5", size = 16725, upload-time = "2019-09-20T02:06:22.938Z" },
]

[[package]]
name = "python-dotenv"
version = "1.2.2"
source = { registry = "https://pypi.org/simple" }
sdist = { url = "https://files.pythonhosted.org/packages/82/ed/0301aeeac3e5353ef3d94b6ec08bbcabd04a72018415dcb29e588514bba8/python_dotenv-1.2.2.tar.gz", hash = "sha256:2c371a91fbd7ba082c2c1dc1f8bf89ca22564a087c2c287cd9b662adde799cf3", size = 50135, upload-time = "2026-03-01T16:00:26.196Z" }
wheels = [
    { url = "https://files.pythonhosted.org/packages/0b/d7/1959b9648791274998a9c3526f6d0ec8fd2233e4d4acce81bbae76b44b2a/python_dotenv-1.2.2-py3-none-any.whl", hash = "sha256:1d8214789a24de455a8b8bd8ae6fe3c6b69a5e3d64aa8a8e5d68e694bbcb285a", size = 22101, upload-time = "2026-03-01T16:00:25.09Z" },
]
